// !$*UTF8*$!
{
	archiveVersion = 1;
	classes = {
	};
	objectVersion = 46;
	objects = {

/* Begin PBXBuildFile section */
		7F84F3241E5A0FC045234043 /* Pods_LJDataModel.framework in Frameworks */ = {isa = PBXBuildFile; fileRef = 40EEEA9C25764566360F6708 /* Pods_LJDataModel.framework */; };
		AB1B84531D1911850038C9EE /* main.m in Sources */ = {isa = PBXBuildFile; fileRef = AB1B84521D1911850038C9EE /* main.m */; };
		AB1B84561D1911850038C9EE /* AppDelegate.m in Sources */ = {isa = PBXBuildFile; fileRef = AB1B84551D1911850038C9EE /* AppDelegate.m */; };
		AB1B84591D1911850038C9EE /* ViewController.m in Sources */ = {isa = PBXBuildFile; fileRef = AB1B84581D1911850038C9EE /* ViewController.m */; };
		AB1B845C1D1911850038C9EE /* Main.storyboard in Resources */ = {isa = PBXBuildFile; fileRef = AB1B845A1D1911850038C9EE /* Main.storyboard */; };
		AB1B845E1D1911850038C9EE /* Assets.xcassets in Resources */ = {isa = PBXBuildFile; fileRef = AB1B845D1D1911850038C9EE /* Assets.xcassets */; };
		AB1B84611D1911850038C9EE /* LaunchScreen.storyboard in Resources */ = {isa = PBXBuildFile; fileRef = AB1B845F1D1911850038C9EE /* LaunchScreen.storyboard */; };
		AB1B846C1D1911850038C9EE /* LJDataModelTests.m in Sources */ = {isa = PBXBuildFile; fileRef = AB1B846B1D1911850038C9EE /* LJDataModelTests.m */; };
		AB1B84771D1911850038C9EE /* LJDataModelUITests.m in Sources */ = {isa = PBXBuildFile; fileRef = AB1B84761D1911850038C9EE /* LJDataModelUITests.m */; };
/* End PBXBuildFile section */

/* Begin PBXContainerItemProxy section */
		AB1B84681D1911850038C9EE /* PBXContainerItemProxy */ = {
			isa = PBXContainerItemProxy;
			containerPortal = AB1B84461D1911850038C9EE /* Project object */;
			proxyType = 1;
			remoteGlobalIDString = AB1B844D1D1911850038C9EE;
			remoteInfo = LJDataModel;
		};
		AB1B84731D1911850038C9EE /* PBXContainerItemProxy */ = {
			isa = PBXContainerItemProxy;
			containerPortal = AB1B84461D1911850038C9EE /* Project object */;
			proxyType = 1;
			remoteGlobalIDString = AB1B844D1D1911850038C9EE;
			remoteInfo = LJDataModel;
		};
/* End PBXContainerItemProxy section */

/* Begin PBXFileReference section */
		36E0B5F4CC706BB3CFE0246F /* Pods-LJDataModel.debug.xcconfig */ = {isa = PBXFileReference; includeInIndex = 1; lastKnownFileType = text.xcconfig; name = "Pods-LJDataModel.debug.xcconfig"; path = "Pods/Target Support Files/Pods-LJDataModel/Pods-LJDataModel.debug.xcconfig"; sourceTree = "<group>"; };
		40EEEA9C25764566360F6708 /* Pods_LJDataModel.framework */ = {isa = PBXFileReference; explicitFileType = wrapper.framework; includeInIndex = 0; path = Pods_LJDataModel.framework; sourceTree = BUILT_PRODUCTS_DIR; };
		AB1B844E1D1911850038C9EE /* LJDataModel.app */ = {isa = PBXFileReference; explicitFileType = wrapper.application; includeInIndex = 0; path = LJDataModel.app; sourceTree = BUILT_PRODUCTS_DIR; };
		AB1B84521D1911850038C9EE /* main.m */ = {isa = PBXFileReference; lastKnownFileType = sourcecode.c.objc; path = main.m; sourceTree = "<group>"; };
		AB1B84541D1911850038C9EE /* AppDelegate.h */ = {isa = PBXFileReference; lastKnownFileType = sourcecode.c.h; path = AppDelegate.h; sourceTree = "<group>"; };
		AB1B84551D1911850038C9EE /* AppDelegate.m */ = {isa = PBXFileReference; lastKnownFileType = sourcecode.c.objc; path = AppDelegate.m; sourceTree = "<group>"; };
		AB1B84571D1911850038C9EE /* ViewController.h */ = {isa = PBXFileReference; lastKnownFileType = sourcecode.c.h; path = ViewController.h; sourceTree = "<group>"; };
		AB1B84581D1911850038C9EE /* ViewController.m */ = {isa = PBXFileReference; lastKnownFileType = sourcecode.c.objc; path = ViewController.m; sourceTree = "<group>"; };
		AB1B845B1D1911850038C9EE /* Base */ = {isa = PBXFileReference; lastKnownFileType = file.storyboard; name = Base; path = Base.lproj/Main.storyboard; sourceTree = "<group>"; };
		AB1B845D1D1911850038C9EE /* Assets.xcassets */ = {isa = PBXFileReference; lastKnownFileType = folder.assetcatalog; path = Assets.xcassets; sourceTree = "<group>"; };
		AB1B84601D1911850038C9EE /* Base */ = {isa = PBXFileReference; lastKnownFileType = file.storyboard; name = Base; path = Base.lproj/LaunchScreen.storyboard; sourceTree = "<group>"; };
		AB1B84621D1911850038C9EE /* Info.plist */ = {isa = PBXFileReference; lastKnownFileType = text.plist.xml; path = Info.plist; sourceTree = "<group>"; };
		AB1B84671D1911850038C9EE /* LJDataModelTests.xctest */ = {isa = PBXFileReference; explicitFileType = wrapper.cfbundle; includeInIndex = 0; path = LJDataModelTests.xctest; sourceTree = BUILT_PRODUCTS_DIR; };
		AB1B846B1D1911850038C9EE /* LJDataModelTests.m */ = {isa = PBXFileReference; lastKnownFileType = sourcecode.c.objc; path = LJDataModelTests.m; sourceTree = "<group>"; };
		AB1B846D1D1911850038C9EE /* Info.plist */ = {isa = PBXFileReference; lastKnownFileType = text.plist.xml; path = Info.plist; sourceTree = "<group>"; };
		AB1B84721D1911850038C9EE /* LJDataModelUITests.xctest */ = {isa = PBXFileReference; explicitFileType = wrapper.cfbundle; includeInIndex = 0; path = LJDataModelUITests.xctest; sourceTree = BUILT_PRODUCTS_DIR; };
		AB1B84761D1911850038C9EE /* LJDataModelUITests.m */ = {isa = PBXFileReference; lastKnownFileType = sourcecode.c.objc; path = LJDataModelUITests.m; sourceTree = "<group>"; };
		AB1B84781D1911850038C9EE /* Info.plist */ = {isa = PBXFileReference; lastKnownFileType = text.plist.xml; path = Info.plist; sourceTree = "<group>"; };
		EA9CD528C152F61292CED15D /* Pods-LJDataModel.release.xcconfig */ = {isa = PBXFileReference; includeInIndex = 1; lastKnownFileType = text.xcconfig; name = "Pods-LJDataModel.release.xcconfig"; path = "Pods/Target Support Files/Pods-LJDataModel/Pods-LJDataModel.release.xcconfig"; sourceTree = "<group>"; };
/* End PBXFileReference section */

/* Begin PBXFrameworksBuildPhase section */
		AB1B844B1D1911850038C9EE /* Frameworks */ = {
			isa = PBXFrameworksBuildPhase;
			buildActionMask = 2147483647;
			files = (
				7F84F3241E5A0FC045234043 /* Pods_LJDataModel.framework in Frameworks */,
			);
			runOnlyForDeploymentPostprocessing = 0;
		};
		AB1B84641D1911850038C9EE /* Frameworks */ = {
			isa = PBXFrameworksBuildPhase;
			buildActionMask = 2147483647;
			files = (
			);
			runOnlyForDeploymentPostprocessing = 0;
		};
		AB1B846F1D1911850038C9EE /* Frameworks */ = {
			isa = PBXFrameworksBuildPhase;
			buildActionMask = 2147483647;
			files = (
			);
			runOnlyForDeploymentPostprocessing = 0;
		};
/* End PBXFrameworksBuildPhase section */

/* Begin PBXGroup section */
		44DB19585D0E3E6446CF469A /* Frameworks */ = {
			isa = PBXGroup;
			children = (
				40EEEA9C25764566360F6708 /* Pods_LJDataModel.framework */,
			);
			name = Frameworks;
			sourceTree = "<group>";
		};
		AB1B84451D1911850038C9EE = {
			isa = PBXGroup;
			children = (
				AB1B84501D1911850038C9EE /* LJDataModel */,
				AB1B846A1D1911850038C9EE /* LJDataModelTests */,
				AB1B84751D1911850038C9EE /* LJDataModelUITests */,
				AB1B844F1D1911850038C9EE /* Products */,
				D5FAFD1009564394FE2B0069 /* Pods */,
				44DB19585D0E3E6446CF469A /* Frameworks */,
			);
			sourceTree = "<group>";
		};
		AB1B844F1D1911850038C9EE /* Products */ = {
			isa = PBXGroup;
			children = (
				AB1B844E1D1911850038C9EE /* LJDataModel.app */,
				AB1B84671D1911850038C9EE /* LJDataModelTests.xctest */,
				AB1B84721D1911850038C9EE /* LJDataModelUITests.xctest */,
			);
			name = Products;
			sourceTree = "<group>";
		};
		AB1B84501D1911850038C9EE /* LJDataModel */ = {
			isa = PBXGroup;
			children = (
				AB1B84541D1911850038C9EE /* AppDelegate.h */,
				AB1B84551D1911850038C9EE /* AppDelegate.m */,
				AB1B84571D1911850038C9EE /* ViewController.h */,
				AB1B84581D1911850038C9EE /* ViewController.m */,
				AB1B845A1D1911850038C9EE /* Main.storyboard */,
				AB1B845D1D1911850038C9EE /* Assets.xcassets */,
				AB1B845F1D1911850038C9EE /* LaunchScreen.storyboard */,
				AB1B84621D1911850038C9EE /* Info.plist */,
				AB1B84511D1911850038C9EE /* Supporting Files */,
			);
			path = LJDataModel;
			sourceTree = "<group>";
		};
		AB1B84511D1911850038C9EE /* Supporting Files */ = {
			isa = PBXGroup;
			children = (
				AB1B84521D1911850038C9EE /* main.m */,
			);
			name = "Supporting Files";
			sourceTree = "<group>";
		};
		AB1B846A1D1911850038C9EE /* LJDataModelTests */ = {
			isa = PBXGroup;
			children = (
				AB1B846B1D1911850038C9EE /* LJDataModelTests.m */,
				AB1B846D1D1911850038C9EE /* Info.plist */,
			);
			path = LJDataModelTests;
			sourceTree = "<group>";
		};
		AB1B84751D1911850038C9EE /* LJDataModelUITests */ = {
			isa = PBXGroup;
			children = (
				AB1B84761D1911850038C9EE /* LJDataModelUITests.m */,
				AB1B84781D1911850038C9EE /* Info.plist */,
			);
			path = LJDataModelUITests;
			sourceTree = "<group>";
		};
		D5FAFD1009564394FE2B0069 /* Pods */ = {
			isa = PBXGroup;
			children = (
				36E0B5F4CC706BB3CFE0246F /* Pods-LJDataModel.debug.xcconfig */,
				EA9CD528C152F61292CED15D /* Pods-LJDataModel.release.xcconfig */,
			);
			name = Pods;
			sourceTree = "<group>";
		};
/* End PBXGroup section */

/* Begin PBXNativeTarget section */
		AB1B844D1D1911850038C9EE /* LJDataModel */ = {
			isa = PBXNativeTarget;
			buildConfigurationList = AB1B847B1D1911850038C9EE /* Build configuration list for PBXNativeTarget "LJDataModel" */;
			buildPhases = (
				94BD14FE97D1918B565C23AA /* 📦 Check Pods Manifest.lock */,
				AB1B844A1D1911850038C9EE /* Sources */,
				AB1B844B1D1911850038C9EE /* Frameworks */,
				AB1B844C1D1911850038C9EE /* Resources */,
				1C2F6E2E60F3C0FBC93D3310 /* 📦 Embed Pods Frameworks */,
				889D9588F9F67D3CF3EEC932 /* 📦 Copy Pods Resources */,
			);
			buildRules = (
			);
			dependencies = (
			);
			name = LJDataModel;
			productName = LJDataModel;
			productReference = AB1B844E1D1911850038C9EE /* LJDataModel.app */;
			productType = "com.apple.product-type.application";
		};
		AB1B84661D1911850038C9EE /* LJDataModelTests */ = {
			isa = PBXNativeTarget;
			buildConfigurationList = AB1B847E1D1911850038C9EE /* Build configuration list for PBXNativeTarget "LJDataModelTests" */;
			buildPhases = (
				AB1B84631D1911850038C9EE /* Sources */,
				AB1B84641D1911850038C9EE /* Frameworks */,
				AB1B84651D1911850038C9EE /* Resources */,
			);
			buildRules = (
			);
			dependencies = (
				AB1B84691D1911850038C9EE /* PBXTargetDependency */,
			);
			name = LJDataModelTests;
			productName = LJDataModelTests;
			productReference = AB1B84671D1911850038C9EE /* LJDataModelTests.xctest */;
			productType = "com.apple.product-type.bundle.unit-test";
		};
		AB1B84711D1911850038C9EE /* LJDataModelUITests */ = {
			isa = PBXNativeTarget;
			buildConfigurationList = AB1B84811D1911850038C9EE /* Build configuration list for PBXNativeTarget "LJDataModelUITests" */;
			buildPhases = (
				AB1B846E1D1911850038C9EE /* Sources */,
				AB1B846F1D1911850038C9EE /* Frameworks */,
				AB1B84701D1911850038C9EE /* Resources */,
			);
			buildRules = (
			);
			dependencies = (
				AB1B84741D1911850038C9EE /* PBXTargetDependency */,
			);
			name = LJDataModelUITests;
			productName = LJDataModelUITests;
			productReference = AB1B84721D1911850038C9EE /* LJDataModelUITests.xctest */;
			productType = "com.apple.product-type.bundle.ui-testing";
		};
/* End PBXNativeTarget section */

/* Begin PBXProject section */
		AB1B84461D1911850038C9EE /* Project object */ = {
			isa = PBXProject;
			attributes = {
				LastUpgradeCheck = 0730;
				ORGANIZATIONNAME = slj;
				TargetAttributes = {
					AB1B844D1D1911850038C9EE = {
						CreatedOnToolsVersion = 7.3.1;
					};
					AB1B84661D1911850038C9EE = {
						CreatedOnToolsVersion = 7.3.1;
						TestTargetID = AB1B844D1D1911850038C9EE;
					};
					AB1B84711D1911850038C9EE = {
						CreatedOnToolsVersion = 7.3.1;
						TestTargetID = AB1B844D1D1911850038C9EE;
					};
				};
			};
			buildConfigurationList = AB1B84491D1911850038C9EE /* Build configuration list for PBXProject "LJDataModel" */;
			compatibilityVersion = "Xcode 3.2";
			developmentRegion = English;
			hasScannedForEncodings = 0;
			knownRegions = (
				en,
				Base,
			);
			mainGroup = AB1B84451D1911850038C9EE;
			productRefGroup = AB1B844F1D1911850038C9EE /* Products */;
			projectDirPath = "";
			projectRoot = "";
			targets = (
				AB1B844D1D1911850038C9EE /* LJDataModel */,
				AB1B84661D1911850038C9EE /* LJDataModelTests */,
				AB1B84711D1911850038C9EE /* LJDataModelUITests */,
			);
		};
/* End PBXProject section */

/* Begin PBXResourcesBuildPhase section */
		AB1B844C1D1911850038C9EE /* Resources */ = {
			isa = PBXResourcesBuildPhase;
			buildActionMask = 2147483647;
			files = (
				AB1B84611D1911850038C9EE /* LaunchScreen.storyboard in Resources */,
				AB1B845E1D1911850038C9EE /* Assets.xcassets in Resources */,
				AB1B845C1D1911850038C9EE /* Main.storyboard in Resources */,
			);
			runOnlyForDeploymentPostprocessing = 0;
		};
		AB1B84651D1911850038C9EE /* Resources */ = {
			isa = PBXResourcesBuildPhase;
			buildActionMask = 2147483647;
			files = (
			);
			runOnlyForDeploymentPostprocessing = 0;
		};
		AB1B84701D1911850038C9EE /* Resources */ = {
			isa = PBXResourcesBuildPhase;
			buildActionMask = 2147483647;
			files = (
			);
			runOnlyForDeploymentPostprocessing = 0;
		};
/* End PBXResourcesBuildPhase section */

/* Begin PBXShellScriptBuildPhase section */
		1C2F6E2E60F3C0FBC93D3310 /* 📦 Embed Pods Frameworks */ = {
			isa = PBXShellScriptBuildPhase;
			buildActionMask = 2147483647;
			files = (
			);
			inputPaths = (
			);
			name = "📦 Embed Pods Frameworks";
			outputPaths = (
			);
			runOnlyForDeploymentPostprocessing = 0;
			shellPath = /bin/sh;
			shellScript = "\"${SRCROOT}/Pods/Target Support Files/Pods-LJDataModel/Pods-LJDataModel-frameworks.sh\"\n";
			showEnvVarsInLog = 0;
		};
		889D9588F9F67D3CF3EEC932 /* 📦 Copy Pods Resources */ = {
			isa = PBXShellScriptBuildPhase;
			buildActionMask = 2147483647;
			files = (
			);
			inputPaths = (
			);
			name = "📦 Copy Pods Resources";
			outputPaths = (
			);
			runOnlyForDeploymentPostprocessing = 0;
			shellPath = /bin/sh;
			shellScript = "\"${SRCROOT}/Pods/Target Support Files/Pods-LJDataModel/Pods-LJDataModel-resources.sh\"\n";
			showEnvVarsInLog = 0;
		};
		94BD14FE97D1918B565C23AA /* 📦 Check Pods Manifest.lock */ = {
			isa = PBXShellScriptBuildPhase;
			buildActionMask = 2147483647;
			files = (
			);
			inputPaths = (
			);
			name = "📦 Check Pods Manifest.lock";
			outputPaths = (
			);
			runOnlyForDeploymentPostprocessing = 0;
			shellPath = /bin/sh;
			shellScript = "diff \"${PODS_ROOT}/../Podfile.lock\" \"${PODS_ROOT}/Manifest.lock\" > /dev/null\nif [[ $? != 0 ]] ; then\n    cat << EOM\nerror: The sandbox is not in sync with the Podfile.lock. Run 'pod install' or update your CocoaPods installation.\nEOM\n    exit 1\nfi\n";
			showEnvVarsInLog = 0;
		};
/* End PBXShellScriptBuildPhase section */

/* Begin PBXSourcesBuildPhase section */
		AB1B844A1D1911850038C9EE /* Sources */ = {
			isa = PBXSourcesBuildPhase;
			buildActionMask = 2147483647;
			files = (
				AB1B84591D1911850038C9EE /* ViewController.m in Sources */,
				AB1B84561D1911850038C9EE /* AppDelegate.m in Sources */,
				AB1B84531D1911850038C9EE /* main.m in Sources */,
			);
			runOnlyForDeploymentPostprocessing = 0;
		};
		AB1B84631D1911850038C9EE /* Sources */ = {
			isa = PBXSourcesBuildPhase;
			buildActionMask = 2147483647;
			files = (
				AB1B846C1D1911850038C9EE /* LJDataModelTests.m in Sources */,
			);
			runOnlyForDeploymentPostprocessing = 0;
		};
		AB1B846E1D1911850038C9EE /* Sources */ = {
			isa = PBXSourcesBuildPhase;
			buildActionMask = 2147483647;
			files = (
				AB1B84771D1911850038C9EE /* LJDataModelUITests.m in Sources */,
			);
			runOnlyForDeploymentPostprocessing = 0;
		};
/* End PBXSourcesBuildPhase section */

/* Begin PBXTargetDependency section */
		AB1B84691D1911850038C9EE /* PBXTargetDependency */ = {
			isa = PBXTargetDependency;
			target = AB1B844D1D1911850038C9EE /* LJDataModel */;
			targetProxy = AB1B84681D1911850038C9EE /* PBXContainerItemProxy */;
		};
		AB1B84741D1911850038C9EE /* PBXTargetDependency */ = {
			isa = PBXTargetDependency;
			target = AB1B844D1D1911850038C9EE /* LJDataModel */;
			targetProxy = AB1B84731D1911850038C9EE /* PBXContainerItemProxy */;
		};
/* End PBXTargetDependency section */

/* Begin PBXVariantGroup section */
		AB1B845A1D1911850038C9EE /* Main.storyboard */ = {
			isa = PBXVariantGroup;
			children = (
				AB1B845B1D1911850038C9EE /* Base */,
			);
			name = Main.storyboard;
			sourceTree = "<group>";
		};
		AB1B845F1D1911850038C9EE /* LaunchScreen.storyboard */ = {
			isa = PBXVariantGroup;
			children = (
				AB1B84601D1911850038C9EE /* Base */,
			);
			name = LaunchScreen.storyboard;
			sourceTree = "<group>";
		};
/* End PBXVariantGroup section */

/* Begin XCBuildConfiguration section */
		AB1B84791D1911850038C9EE /* Debug */ = {
			isa = XCBuildConfiguration;
			buildSettings = {
				ALWAYS_SEARCH_USER_PATHS = NO;
				CLANG_ANALYZER_NONNULL = YES;
				CLANG_CXX_LANGUAGE_STANDARD = "gnu++0x";
				CLANG_CXX_LIBRARY = "libc++";
				CLANG_ENABLE_MODULES = YES;
				CLANG_ENABLE_OBJC_ARC = YES;
				CLANG_WARN_BOOL_CONVERSION = YES;
				CLANG_WARN_CONSTANT_CONVERSION = YES;
				CLANG_WARN_DIRECT_OBJC_ISA_USAGE = YES_ERROR;
				CLANG_WARN_EMPTY_BODY = YES;
				CLANG_WARN_ENUM_CONVERSION = YES;
				CLANG_WARN_INT_CONVERSION = YES;
				CLANG_WARN_OBJC_ROOT_CLASS = YES_ERROR;
				CLANG_WARN_UNREACHABLE_CODE = YES;
				CLANG_WARN__DUPLICATE_METHOD_MATCH = YES;
				"CODE_SIGN_IDENTITY[sdk=iphoneos*]" = "iPhone Developer";
				COPY_PHASE_STRIP = NO;
				DEBUG_INFORMATION_FORMAT = dwarf;
				ENABLE_STRICT_OBJC_MSGSEND = YES;
				ENABLE_TESTABILITY = YES;
				GCC_C_LANGUAGE_STANDARD = gnu99;
				GCC_DYNAMIC_NO_PIC = NO;
				GCC_NO_COMMON_BLOCKS = YES;
				GCC_OPTIMIZATION_LEVEL = 0;
				GCC_PREPROCESSOR_DEFINITIONS = (
					"DEBUG=1",
					"$(inherited)",
				);
				GCC_WARN_64_TO_32_BIT_CONVERSION = YES;
				GCC_WARN_ABOUT_RETURN_TYPE = YES_ERROR;
				GCC_WARN_UNDECLARED_SELECTOR = YES;
				GCC_WARN_UNINITIALIZED_AUTOS = YES_AGGRESSIVE;
				GCC_WARN_UNUSED_FUNCTION = YES;
				GCC_WARN_UNUSED_VARIABLE = YES;
				IPHONEOS_DEPLOYMENT_TARGET = 9.3;
				MTL_ENABLE_DEBUG_INFO = YES;
				ONLY_ACTIVE_ARCH = YES;
				SDKROOT = iphoneos;
			};
			name = Debug;
		};
		AB1B847A1D1911850038C9EE /* Release */ = {
			isa = XCBuildConfiguration;
			buildSettings = {
				ALWAYS_SEARCH_USER_PATHS = NO;
				CLANG_ANALYZER_NONNULL = YES;
				CLANG_CXX_LANGUAGE_STANDARD = "gnu++0x";
				CLANG_CXX_LIBRARY = "libc++";
				CLANG_ENABLE_MODULES = YES;
				CLANG_ENABLE_OBJC_ARC = YES;
				CLANG_WARN_BOOL_CONVERSION = YES;
				CLANG_WARN_CONSTANT_CONVERSION = YES;
				CLANG_WARN_DIRECT_OBJC_ISA_USAGE = YES_ERROR;
				CLANG_WARN_EMPTY_BODY = YES;
				CLANG_WARN_ENUM_CONVERSION = YES;
				CLANG_WARN_INT_CONVERSION = YES;
				CLANG_WARN_OBJC_ROOT_CLASS = YES_ERROR;
				CLANG_WARN_UNREACHABLE_CODE = YES;
				CLANG_WARN__DUPLICATE_METHOD_MATCH = YES;
				"CODE_SIGN_IDENTITY[sdk=iphoneos*]" = "iPhone Developer";
				COPY_PHASE_STRIP = NO;
				DEBUG_INFORMATION_FORMAT = "dwarf-with-dsym";
				ENABLE_NS_ASSERTIONS = NO;
				ENABLE_STRICT_OBJC_MSGSEND = YES;
				GCC_C_LANGUAGE_STANDARD = gnu99;
				GCC_NO_COMMON_BLOCKS = YES;
				GCC_WARN_64_TO_32_BIT_CONVERSION = YES;
				GCC_WARN_ABOUT_RETURN_TYPE = YES_ERROR;
				GCC_WARN_UNDECLARED_SELECTOR = YES;
				GCC_WARN_UNINITIALIZED_AUTOS = YES_AGGRESSIVE;
				GCC_WARN_UNUSED_FUNCTION = YES;
				GCC_WARN_UNUSED_VARIABLE = YES;
				IPHONEOS_DEPLOYMENT_TARGET = 9.3;
				MTL_ENABLE_DEBUG_INFO = NO;
				SDKROOT = iphoneos;
				VALIDATE_PRODUCT = YES;
			};
			name = Release;
		};
		AB1B847C1D1911850038C9EE /* Debug */ = {
			isa = XCBuildConfiguration;
			baseConfigurationReference = 36E0B5F4CC706BB3CFE0246F /* Pods-LJDataModel.debug.xcconfig */;
			buildSettings = {
				ASSETCATALOG_COMPILER_APPICON_NAME = AppIcon;
				INFOPLIST_FILE = LJDataModel/Info.plist;
				LD_RUNPATH_SEARCH_PATHS = "$(inherited) @executable_path/Frameworks";
				PRODUCT_BUNDLE_IDENTIFIER = Ablue.LJDataModel;
				PRODUCT_NAME = "$(TARGET_NAME)";
			};
			name = Debug;
		};
		AB1B847D1D1911850038C9EE /* Release */ = {
			isa = XCBuildConfiguration;
			baseConfigurationReference = EA9CD528C152F61292CED15D /* Pods-LJDataModel.release.xcconfig */;
			buildSettings = {
				ASSETCATALOG_COMPILER_APPICON_NAME = AppIcon;
				INFOPLIST_FILE = LJDataModel/Info.plist;
				LD_RUNPATH_SEARCH_PATHS = "$(inherited) @executable_path/Frameworks";
				PRODUCT_BUNDLE_IDENTIFIER = Ablue.LJDataModel;
				PRODUCT_NAME = "$(TARGET_NAME)";
			};
			name = Release;
		};
		AB1B847F1D1911850038C9EE /* Debug */ = {
			isa = XCBuildConfiguration;
			buildSettings = {
				BUNDLE_LOADER = "$(TEST_HOST)";
				INFOPLIST_FILE = LJDataModelTests/Info.plist;
				LD_RUNPATH_SEARCH_PATHS = "$(inherited) @executable_path/Frameworks @loader_path/Frameworks";
				PRODUCT_BUNDLE_IDENTIFIER = Ablue.LJDataModelTests;
				PRODUCT_NAME = "$(TARGET_NAME)";
				TEST_HOST = "$(BUILT_PRODUCTS_DIR)/LJDataModel.app/LJDataModel";
			};
			name = Debug;
		};
		AB1B84801D1911850038C9EE /* Release */ = {
			isa = XCBuildConfiguration;
			buildSettings = {
				BUNDLE_LOADER = "$(TEST_HOST)";
				INFOPLIST_FILE = LJDataModelTests/Info.plist;
				LD_RUNPATH_SEARCH_PATHS = "$(inherited) @executable_path/Frameworks @loader_path/Frameworks";
				PRODUCT_BUNDLE_IDENTIFIER = Ablue.LJDataModelTests;
				PRODUCT_NAME = "$(TARGET_NAME)";
				TEST_HOST = "$(BUILT_PRODUCTS_DIR)/LJDataModel.app/LJDataModel";
			};
			name = Release;
		};
		AB1B84821D1911850038C9EE /* Debug */ = {
			isa = XCBuildConfiguration;
			buildSettings = {
				INFOPLIST_FILE = LJDataModelUITests/Info.plist;
				LD_RUNPATH_SEARCH_PATHS = "$(inherited) @executable_path/Frameworks @loader_path/Frameworks";
				PRODUCT_BUNDLE_IDENTIFIER = Ablue.LJDataModelUITests;
				PRODUCT_NAME = "$(TARGET_NAME)";
				TEST_TARGET_NAME = LJDataModel;
			};
			name = Debug;
		};
		AB1B84831D1911850038C9EE /* Release */ = {
			isa = XCBuildConfiguration;
			buildSettings = {
				INFOPLIST_FILE = LJDataModelUITests/Info.plist;
				LD_RUNPATH_SEARCH_PATHS = "$(inherited) @executable_path/Frameworks @loader_path/Frameworks";
				PRODUCT_BUNDLE_IDENTIFIER = Ablue.LJDataModelUITests;
				PRODUCT_NAME = "$(TARGET_NAME)";
				TEST_TARGET_NAME = LJDataModel;
			};
			name = Release;
		};
/* End XCBuildConfiguration section */

/* Begin XCConfigurationList section */
		AB1B84491D1911850038C9EE /* Build configuration list for PBXProject "LJDataModel" */ = {
			isa = XCConfigurationList;
			buildConfigurations = (
				AB1B84791D1911850038C9EE /* Debug */,
				AB1B847A1D1911850038C9EE /* Release */,
			);
			defaultConfigurationIsVisible = 0;
			defaultConfigurationName = Release;
		};
		AB1B847B1D1911850038C9EE /* Build configuration list for PBXNativeTarget "LJDataModel" */ = {
			isa = XCConfigurationList;
			buildConfigurations = (
				AB1B847C1D1911850038C9EE /* Debug */,
				AB1B847D1D1911850038C9EE /* Release */,
			);
			defaultConfigurationIsVisible = 0;
			defaultConfigurationName = Release;
		};
		AB1B847E1D1911850038C9EE /* Build configuration list for PBXNativeTarget "LJDataModelTests" */ = {
			isa = XCConfigurationList;
			buildConfigurations = (
				AB1B847F1D1911850038C9EE /* Debug */,
				AB1B84801D1911850038C9EE /* Release */,
			);
			defaultConfigurationIsVisible = 0;
			defaultConfigurationName = Release;
		};
		AB1B84811D1911850038C9EE /* Build configuration list for PBXNativeTarget "LJDataModelUITests" */ = {
			isa = XCConfigurationList;
			buildConfigurations = (
				AB1B84821D1911850038C9EE /* Debug */,
				AB1B84831D1911850038C9EE /* Release */,
			);
			defaultConfigurationIsVisible = 0;
			defaultConfigurationName = Release;
		};
/* End XCConfigurationList section */
	};
	rootObject = AB1B84461D1911850038C9EE /* Project object */;
}
